// !$*UTF8*$!
{
	archiveVersion = 1;
	classes = {
	};
	objectVersion = 77;
	objects = {

/* Begin PBXContainerItemProxy section */
		FB92CC912F86E1C700C50D78 /* PBXContainerItemProxy */ = {
			isa = PBXContainerItemProxy;
			containerPortal = FB92CC782F86E1C500C50D78 /* Project object */;
			proxyType = 1;
			remoteGlobalIDString = FB92CC7F2F86E1C500C50D78;
			remoteInfo = fynch;
		};
		FB92CC9B2F86E1C700C50D78 /* PBXContainerItemProxy */ = {
			isa = PBXContainerItemProxy;
			containerPortal = FB92CC782F86E1C500C50D78 /* Project object */;
			proxyType = 1;
			remoteGlobalIDString = FB92CC7F2F86E1C500C50D78;
			remoteInfo = fynch;
		};
/* End PBXContainerItemProxy section */

/* Begin PBXFileReference section */
		FB92CC802F86E1C500C50D78 /* fynch.app */ = {isa = PBXFileReference; explicitFileType = wrapper.application; includeInIndex = 0; path = fynch.app; sourceTree = BUILT_PRODUCTS_DIR; };
		FB92CC902F86E1C700C50D78 /* fynchTests.xctest */ = {isa = PBXFileReference; explicitFileType = wrapper.cfbundle; includeInIndex = 0; path = fynchTests.xctest; sourceTree = BUILT_PRODUCTS_DIR; };
		FB92CC9A2F86E1C700C50D78 /* fynchUITests.xctest */ = {isa = PBXFileReference; explicitFileType = wrapper.cfbundle; includeInIndex = 0; path = fynchUITests.xctest; sourceTree = BUILT_PRODUCTS_DIR; };
/* End PBXFileReference section */

/* Begin PBXFileSystemSynchronizedRootGroup section */
		FB92CC822F86E1C500C50D78 /* fynch */ = {
			isa = PBXFileSystemSynchronizedRootGroup;
			path = fynch;
			sourceTree = "<group>";
		};
		FB92CC932F86E1C700C50D78 /* fynchTests */ = {
			isa = PBXFileSystemSynchronizedRootGroup;
			path = fynchTests;
			sourceTree = "<group>";
		};
		FB92CC9D2F86E1C700C50D78 /* fynchUITests */ = {
			isa = PBXFileSystemSynchronizedRootGroup;
			path = fynchUITests;
			sourceTree = "<group>";
		};
/* End PBXFileSystemSynchronizedRootGroup section */

/* Begin PBXFrameworksBuildPhase section */
		FB92CC7D2F86E1C500C50D78 /* Frameworks */ = {
			isa = PBXFrameworksBuildPhase;
			buildActionMask = 2147483647;
			files = (
			);
			runOnlyForDeploymentPostprocessing = 0;
		};
		FB92CC8D2F86E1C700C50D78 /* Frameworks */ = {
			isa = PBXFrameworksBuildPhase;
			buildActionMask = 2147483647;
			files = (
			);
			runOnlyForDeploymentPostprocessing = 0;
		};
		FB92CC972F86E1C700C50D78 /* Frameworks */ = {
			isa = PBXFrameworksBuildPhase;
			buildActionMask = 2147483647;
			files = (
			);
			runOnlyForDeploymentPostprocessing = 0;
		};
/* End PBXFrameworksBuildPhase section */

/* Begin PBXGroup section */
		FB92CC772F86E1C500C50D78 = {
			isa = PBXGroup;
			children = (
				FB92CC822F86E1C500C50D78 /* fynch */,
				FB92CC932F86E1C700C50D78 /* fynchTests */,
				FB92CC9D2F86E1C700C50D78 /* fynchUITests */,
				FB92CC812F86E1C500C50D78 /* Products */,
			);
			sourceTree = "<group>";
		};
		FB92CC812F86E1C500C50D78 /* Products */ = {
			isa = PBXGroup;
			children = (
				FB92CC802F86E1C500C50D78 /* fynch.app */,
				FB92CC902F86E1C700C50D78 /* fynchTests.xctest */,
				FB92CC9A2F86E1C700C50D78 /* fynchUITests.xctest */,
			);
			name = Products;
			sourceTree = "<group>";
		};
/* End PBXGroup section */

/* Begin PBXNativeTarget section */
		FB92CC7F2F86E1C500C50D78 /* fynch */ = {
			isa = PBXNativeTarget;
			buildConfigurationList = FB92CCA42F86E1C700C50D78 /* Build configuration list for PBXNativeTarget "fynch" */;
			buildPhases = (
				FB92CC7C2F86E1C500C50D78 /* Sources */,
				FB92CC7D2F86E1C500C50D78 /* Frameworks */,
				FB92CC7E2F86E1C500C50D78 /* Resources */,
			);
			buildRules = (
			);
			dependencies = (
			);
			fileSystemSynchronizedGroups = (
				FB92CC822F86E1C500C50D78 /* fynch */,
			);
			name = fynch;
			packageProductDependencies = (
			);
			productName = fynch;
			productReference = FB92CC802F86E1C500C50D78 /* fynch.app */;
			productType = "com.apple.product-type.application";
		};
		FB92CC8F2F86E1C700C50D78 /* fynchTests */ = {
			isa = PBXNativeTarget;
			buildConfigurationList = FB92CCA72F86E1C700C50D78 /* Build configuration list for PBXNativeTarget "fynchTests" */;
			buildPhases = (
				FB92CC8C2F86E1C700C50D78 /* Sources */,
				FB92CC8D2F86E1C700C50D78 /* Frameworks */,
				FB92CC8E2F86E1C700C50D78 /* Resources */,
			);
			buildRules = (
			);
			dependencies = (
				FB92CC922F86E1C700C50D78 /* PBXTargetDependency */,
			);
			fileSystemSynchronizedGroups = (
				FB92CC932F86E1C700C50D78 /* fynchTests */,
			);
			name = fynchTests;
			packageProductDependencies = (
			);
			productName = fynchTests;
			productReference = FB92CC902F86E1C700C50D78 /* fynchTests.xctest */;
			productType = "com.apple.product-type.bundle.unit-test";
		};
		FB92CC992F86E1C700C50D78 /* fynchUITests */ = {
			isa = PBXNativeTarget;
			buildConfigurationList = FB92CCAA2F86E1C700C50D78 /* Build configuration list for PBXNativeTarget "fynchUITests" */;
			buildPhases = (
				FB92CC962F86E1C700C50D78 /* Sources */,
				FB92CC972F86E1C700C50D78 /* Frameworks */,
				FB92CC982F86E1C700C50D78 /* Resources */,
			);
			buildRules = (
			);
			dependencies = (
				FB92CC9C2F86E1C700C50D78 /* PBXTargetDependency */,
			);
			fileSystemSynchronizedGroups = (
				FB92CC9D2F86E1C700C50D78 /* fynchUITests */,
			);
			name = fynchUITests;
			packageProductDependencies = (
			);
			productName = fynchUITests;
			productReference = FB92CC9A2F86E1C700C50D78 /* fynchUITests.xctest */;
			productType = "com.apple.product-type.bundle.ui-testing";
		};
/* End PBXNativeTarget section */

/* Begin PBXProject section */
		FB92CC782F86E1C500C50D78 /* Project object */ = {
			isa = PBXProject;
			attributes = {
				BuildIndependentTargetsInParallel = 1;
				LastSwiftUpdateCheck = 1620;
				LastUpgradeCheck = 1620;
				TargetAttributes = {
					FB92CC7F2F86E1C500C50D78 = {
						CreatedOnToolsVersion = 16.2;
					};
					FB92CC8F2F86E1C700C50D78 = {
						CreatedOnToolsVersion = 16.2;
						TestTargetID = FB92CC7F2F86E1C500C50D78;
					};
					FB92CC992F86E1C700C50D78 = {
						CreatedOnToolsVersion = 16.2;
						TestTargetID = FB92CC7F2F86E1C500C50D78;
					};
				};
			};
			buildConfigurationList = FB92CC7B2F86E1C500C50D78 /* Build configuration list for PBXProject "fynch" */;
			developmentRegion = en;
			hasScannedForEncodings = 0;
			knownRegions = (
				en,
				Base,
			);
			mainGroup = FB92CC772F86E1C500C50D78;
			minimizedProjectReferenceProxies = 1;
			preferredProjectObjectVersion = 77;
			productRefGroup = FB92CC812F86E1C500C50D78 /* Products */;
			projectDirPath = "";
			projectRoot = "";
			targets = (
				FB92CC7F2F86E1C500C50D78 /* fynch */,
				FB92CC8F2F86E1C700C50D78 /* fynchTests */,
				FB92CC992F86E1C700C50D78 /* fynchUITests */,
			);
		};
/* End PBXProject section */

/* Begin PBXResourcesBuildPhase section */
		FB92CC7E2F86E1C500C50D78 /* Resources */ = {
			isa = PBXResourcesBuildPhase;
			buildActionMask = 2147483647;
			files = (
			);
			runOnlyForDeploymentPostprocessing = 0;
		};
		FB92CC8E2F86E1C700C50D78 /* Resources */ = {
			isa = PBXResourcesBuildPhase;
			buildActionMask = 2147483647;
			files = (
			);
			runOnlyForDeploymentPostprocessing = 0;
		};
		FB92CC982F86E1C700C50D78 /* Resources */ = {
			isa = PBXResourcesBuildPhase;
			buildActionMask = 2147483647;
			files = (
			);
			runOnlyForDeploymentPostprocessing = 0;
		};
/* End PBXResourcesBuildPhase section */

/* Begin PBXSourcesBuildPhase section */
		FB92CC7C2F86E1C500C50D78 /* Sources */ = {
			isa = PBXSourcesBuildPhase;
			buildActionMask = 2147483647;
			files = (
			);
			runOnlyForDeploymentPostprocessing = 0;
		};
		FB92CC8C2F86E1C700C50D78 /* Sources */ = {
			isa = PBXSourcesBuildPhase;
			buildActionMask = 2147483647;
			files = (
			);
			runOnlyForDeploymentPostprocessing = 0;
		};
		FB92CC962F86E1C700C50D78 /* Sources */ = {
			isa = PBXSourcesBuildPhase;
			buildActionMask = 2147483647;
			files = (
			);
			runOnlyForDeploymentPostprocessing = 0;
		};
/* End PBXSourcesBuildPhase section */

/* Begin PBXTargetDependency section */
		FB92CC922F86E1C700C50D78 /* PBXTargetDependency */ = {
			isa = PBXTargetDependency;
			target = FB92CC7F2F86E1C500C50D78 /* fynch */;
			targetProxy = FB92CC912F86E1C700C50D78 /* PBXContainerItemProxy */;
		};
		FB92CC9C2F86E1C700C50D78 /* PBXTargetDependency */ = {
			isa = PBXTargetDependency;
			target = FB92CC7F2F86E1C500C50D78 /* fynch */;
			targetProxy = FB92CC9B2F86E1C700C50D78 /* PBXContainerItemProxy */;
		};
/* End PBXTargetDependency section */

/* Begin XCBuildConfiguration section */
		FB92CCA22F86E1C700C50D78 /* Debug */ = {
			isa = XCBuildConfiguration;
			buildSettings = {
				ALWAYS_SEARCH_USER_PATHS = NO;
				ASSETCATALOG_COMPILER_GENERATE_SWIFT_ASSET_SYMBOL_EXTENSIONS = YES;
				CLANG_ANALYZER_NONNULL = YES;
				CLANG_ANALYZER_NUMBER_OBJECT_CONVERSION = YES_AGGRESSIVE;
				CLANG_CXX_LANGUAGE_STANDARD = "gnu++20";
				CLANG_ENABLE_MODULES = YES;
				CLANG_ENABLE_OBJC_ARC = YES;
				CLANG_ENABLE_OBJC_WEAK = YES;
				CLANG_WARN_BLOCK_CAPTURE_AUTORELEASING = YES;
				CLANG_WARN_BOOL_CONVERSION = YES;
				CLANG_WARN_COMMA = YES;
				CLANG_WARN_CONSTANT_CONVERSION = YES;
				CLANG_WARN_DEPRECATED_OBJC_IMPLEMENTATIONS = YES;
				CLANG_WARN_DIRECT_OBJC_ISA_USAGE = YES_ERROR;
				CLANG_WARN_DOCUMENTATION_COMMENTS = YES;
				CLANG_WARN_EMPTY_BODY = YES;
				CLANG_WARN_ENUM_CONVERSION = YES;
				CLANG_WARN_INFINITE_RECURSION = YES;
				CLANG_WARN_INT_CONVERSION = YES;
				CLANG_WARN_NON_LITERAL_NULL_CONVERSION = YES;
				CLANG_WARN_OBJC_IMPLICIT_RETAIN_SELF = YES;
				CLANG_WARN_OBJC_LITERAL_CONVERSION = YES;
				CLANG_WARN_OBJC_ROOT_CLASS = YES_ERROR;
				CLANG_WARN_QUOTED_INCLUDE_IN_FRAMEWORK_HEADER = YES;
				CLANG_WARN_RANGE_LOOP_ANALYSIS = YES;
				CLANG_WARN_STRICT_PROTOTYPES = YES;
				CLANG_WARN_SUSPICIOUS_MOVE = YES;
				CLANG_WARN_UNGUARDED_AVAILABILITY = YES_AGGRESSIVE;
				CLANG_WARN_UNREACHABLE_CODE = YES;
				CLANG_WARN__DUPLICATE_METHOD_MATCH = YES;
				COPY_PHASE_STRIP = NO;
				DEBUG_INFORMATION_FORMAT = dwarf;
				ENABLE_STRICT_OBJC_MSGSEND = YES;
				ENABLE_TESTABILITY = YES;
				ENABLE_USER_SCRIPT_SANDBOXING = YES;
				GCC_C_LANGUAGE_STANDARD = gnu17;
				GCC_DYNAMIC_NO_PIC = NO;
				GCC_NO_COMMON_BLOCKS = YES;
				GCC_OPTIMIZATION_LEVEL = 0;
				GCC_PREPROCESSOR_DEFINITIONS = (
					"DEBUG=1",
					"$(inherited)",
				);
				GCC_WARN_64_TO_32_BIT_CONVERSION = YES;
				GCC_WARN_ABOUT_RETURN_TYPE = YES_ERROR;
				GCC_WARN_UNDECLARED_SELECTOR = YES;
				GCC_WARN_UNINITIALIZED_AUTOS = YES_AGGRESSIVE;
				GCC_WARN_UNUSED_FUNCTION = YES;
				GCC_WARN_UNUSED_VARIABLE = YES;
				IPHONEOS_DEPLOYMENT_TARGET = 18.2;
				LOCALIZATION_PREFERS_STRING_CATALOGS = YES;
				MTL_ENABLE_DEBUG_INFO = INCLUDE_SOURCE;
				MTL_FAST_MATH = YES;
				ONLY_ACTIVE_ARCH = YES;
				SDKROOT = iphoneos;
				SWIFT_ACTIVE_COMPILATION_CONDITIONS = "DEBUG $(inherited)";
				SWIFT_OPTIMIZATION_LEVEL = "-Onone";
			};
			name = Debug;
		};
		FB92CCA32F86E1C700C50D78 /* Release */ = {
			isa = XCBuildConfiguration;
			buildSettings = {
				ALWAYS_SEARCH_USER_PATHS = NO;
				ASSETCATALOG_COMPILER_GENERATE_SWIFT_ASSET_SYMBOL_EXTENSIONS = YES;
				CLANG_ANALYZER_NONNULL = YES;
				CLANG_ANALYZER_NUMBER_OBJECT_CONVERSION = YES_AGGRESSIVE;
				CLANG_CXX_LANGUAGE_STANDARD = "gnu++20";
				CLANG_ENABLE_MODULES = YES;
				CLANG_ENABLE_OBJC_ARC = YES;
				CLANG_ENABLE_OBJC_WEAK = YES;
				CLANG_WARN_BLOCK_CAPTURE_AUTORELEASING = YES;
				CLANG_WARN_BOOL_CONVERSION = YES;
				CLANG_WARN_COMMA = YES;
				CLANG_WARN_CONSTANT_CONVERSION = YES;
				CLANG_WARN_DEPRECATED_OBJC_IMPLEMENTATIONS = YES;
				CLANG_WARN_DIRECT_OBJC_ISA_USAGE = YES_ERROR;
				CLANG_WARN_DOCUMENTATION_COMMENTS = YES;
				CLANG_WARN_EMPTY_BODY = YES;
				CLANG_WARN_ENUM_CONVERSION = YES;
				CLANG_WARN_INFINITE_RECURSION = YES;
				CLANG_WARN_INT_CONVERSION = YES;
				CLANG_WARN_NON_LITERAL_NULL_CONVERSION = YES;
				CLANG_WARN_OBJC_IMPLICIT_RETAIN_SELF = YES;
				CLANG_WARN_OBJC_LITERAL_CONVERSION = YES;
				CLANG_WARN_OBJC_ROOT_CLASS = YES_ERROR;
				CLANG_WARN_QUOTED_INCLUDE_IN_FRAMEWORK_HEADER = YES;
				CLANG_WARN_RANGE_LOOP_ANALYSIS = YES;
				CLANG_WARN_STRICT_PROTOTYPES = YES;
				CLANG_WARN_SUSPICIOUS_MOVE = YES;
				CLANG_WARN_UNGUARDED_AVAILABILITY = YES_AGGRESSIVE;
				CLANG_WARN_UNREACHABLE_CODE = YES;
				CLANG_WARN__DUPLICATE_METHOD_MATCH = YES;
				COPY_PHASE_STRIP = NO;
				DEBUG_INFORMATION_FORMAT = "dwarf-with-dsym";
				ENABLE_NS_ASSERTIONS = NO;
				ENABLE_STRICT_OBJC_MSGSEND = YES;
				ENABLE_USER_SCRIPT_SANDBOXING = YES;
				GCC_C_LANGUAGE_STANDARD = gnu17;
				GCC_NO_COMMON_BLOCKS = YES;
				GCC_WARN_64_TO_32_BIT_CONVERSION = YES;
				GCC_WARN_ABOUT_RETURN_TYPE = YES_ERROR;
				GCC_WARN_UNDECLARED_SELECTOR = YES;
				GCC_WARN_UNINITIALIZED_AUTOS = YES_AGGRESSIVE;
				GCC_WARN_UNUSED_FUNCTION = YES;
				GCC_WARN_UNUSED_VARIABLE = YES;
				IPHONEOS_DEPLOYMENT_TARGET = 18.2;
				LOCALIZATION_PREFERS_STRING_CATALOGS = YES;
				MTL_ENABLE_DEBUG_INFO = NO;
				MTL_FAST_MATH = YES;
				SDKROOT = iphoneos;
				SWIFT_COMPILATION_MODE = wholemodule;
				VALIDATE_PRODUCT = YES;
			};
			name = Release;
		};
		FB92CCA52F86E1C700C50D78 /* Debug */ = {
			isa = XCBuildConfiguration;
			buildSettings = {
				ASSETCATALOG_COMPILER_APPICON_NAME = AppIcon;
				ASSETCATALOG_COMPILER_GLOBAL_ACCENT_COLOR_NAME = AccentColor;
				CODE_SIGN_STYLE = Automatic;
				CURRENT_PROJECT_VERSION = 1;
				DEVELOPMENT_ASSET_PATHS = "\"fynch/Preview Content\"";
				DEVELOPMENT_TEAM = M2DRRF88BA;
				ENABLE_PREVIEWS = YES;
				GENERATE_INFOPLIST_FILE = YES;
				INFOPLIST_KEY_UIApplicationSceneManifest_Generation = YES;
				INFOPLIST_KEY_UIApplicationSupportsIndirectInputEvents = YES;
				INFOPLIST_KEY_UILaunchScreen_Generation = YES;
				INFOPLIST_KEY_UISupportedInterfaceOrientations_iPad = "UIInterfaceOrientationPortrait UIInterfaceOrientationPortraitUpsideDown UIInterfaceOrientationLandscapeLeft UIInterfaceOrientationLandscapeRight";
				INFOPLIST_KEY_UISupportedInterfaceOrientations_iPhone = "UIInterfaceOrientationPortrait UIInterfaceOrientationLandscapeLeft UIInterfaceOrientationLandscapeRight";
				LD_RUNPATH_SEARCH_PATHS = (
					"$(inherited)",
					"@executable_path/Frameworks",
				);
				MARKETING_VERSION = 1.0;
				PRODUCT_BUNDLE_IDENTIFIER = app.vercel.khandelwal.fynch;
				PRODUCT_NAME = "$(TARGET_NAME)";
				SWIFT_EMIT_LOC_STRINGS = YES;
				SWIFT_VERSION = 5.0;
				TARGETED_DEVICE_FAMILY = "1,2";
			};
			name = Debug;
		};
		FB92CCA62F86E1C700C50D78 /* Release */ = {
			isa = XCBuildConfiguration;
			buildSettings = {
				ASSETCATALOG_COMPILER_APPICON_NAME = AppIcon;
				ASSETCATALOG_COMPILER_GLOBAL_ACCENT_COLOR_NAME = AccentColor;
				CODE_SIGN_STYLE = Automatic;
				CURRENT_PROJECT_VERSION = 1;
				DEVELOPMENT_ASSET_PATHS = "\"fynch/Preview Content\"";
				DEVELOPMENT_TEAM = M2DRRF88BA;
				ENABLE_PREVIEWS = YES;
				GENERATE_INFOPLIST_FILE = YES;
				INFOPLIST_KEY_UIApplicationSceneManifest_Generation = YES;
				INFOPLIST_KEY_UIApplicationSupportsIndirectInputEvents = YES;
				INFOPLIST_KEY_UILaunchScreen_Generation = YES;
				INFOPLIST_KEY_UISupportedInterfaceOrientations_iPad = "UIInterfaceOrientationPortrait UIInterfaceOrientationPortraitUpsideDown UIInterfaceOrientationLandscapeLeft UIInterfaceOrientationLandscapeRight";
				INFOPLIST_KEY_UISupportedInterfaceOrientations_iPhone = "UIInterfaceOrientationPortrait UIInterfaceOrientationLandscapeLeft UIInterfaceOrientationLandscapeRight";
				LD_RUNPATH_SEARCH_PATHS = (
					"$(inherited)",
					"@executable_path/Frameworks",
				);
				MARKETING_VERSION = 1.0;
				PRODUCT_BUNDLE_IDENTIFIER = app.vercel.khandelwal.fynch;
				PRODUCT_NAME = "$(TARGET_NAME)";
				SWIFT_EMIT_LOC_STRINGS = YES;
				SWIFT_VERSION = 5.0;
				TARGETED_DEVICE_FAMILY = "1,2";
			};
			name = Release;
		};
		FB92CCA82F86E1C700C50D78 /* Debug */ = {
			isa = XCBuildConfiguration;
			buildSettings = {
				BUNDLE_LOADER = "$(TEST_HOST)";
				CODE_SIGN_STYLE = Automatic;
				CURRENT_PROJECT_VERSION = 1;
				DEVELOPMENT_TEAM = M2DRRF88BA;
				GENERATE_INFOPLIST_FILE = YES;
				IPHONEOS_DEPLOYMENT_TARGET = 18.2;
				MARKETING_VERSION = 1.0;
				PRODUCT_BUNDLE_IDENTIFIER = app.vercel.khandelwal.fynchTests;
				PRODUCT_NAME = "$(TARGET_NAME)";
				SWIFT_EMIT_LOC_STRINGS = NO;
				SWIFT_VERSION = 5.0;
				TARGETED_DEVICE_FAMILY = "1,2";
				TEST_HOST = "$(BUILT_PRODUCTS_DIR)/fynch.app/$(BUNDLE_EXECUTABLE_FOLDER_PATH)/fynch";
			};
			name = Debug;
		};
		FB92CCA92F86E1C700C50D78 /* Release */ = {
			isa = XCBuildConfiguration;
			buildSettings = {
				BUNDLE_LOADER = "$(TEST_HOST)";
				CODE_SIGN_STYLE = Automatic;
				CURRENT_PROJECT_VERSION = 1;
				DEVELOPMENT_TEAM = M2DRRF88BA;
				GENERATE_INFOPLIST_FILE = YES;
				IPHONEOS_DEPLOYMENT_TARGET = 18.2;
				MARKETING_VERSION = 1.0;
				PRODUCT_BUNDLE_IDENTIFIER = app.vercel.khandelwal.fynchTests;
				PRODUCT_NAME = "$(TARGET_NAME)";
				SWIFT_EMIT_LOC_STRINGS = NO;
				SWIFT_VERSION = 5.0;
				TARGETED_DEVICE_FAMILY = "1,2";
				TEST_HOST = "$(BUILT_PRODUCTS_DIR)/fynch.app/$(BUNDLE_EXECUTABLE_FOLDER_PATH)/fynch";
			};
			name = Release;
		};
		FB92CCAB2F86E1C700C50D78 /* Debug */ = {
			isa = XCBuildConfiguration;
			buildSettings = {
				CODE_SIGN_STYLE = Automatic;
				CURRENT_PROJECT_VERSION = 1;
				DEVELOPMENT_TEAM = M2DRRF88BA;
				GENERATE_INFOPLIST_FILE = YES;
				MARKETING_VERSION = 1.0;
				PRODUCT_BUNDLE_IDENTIFIER = app.vercel.khandelwal.fynchUITests;
				PRODUCT_NAME = "$(TARGET_NAME)";
				SWIFT_EMIT_LOC_STRINGS = NO;
				SWIFT_VERSION = 5.0;
				TARGETED_DEVICE_FAMILY = "1,2";
				TEST_TARGET_NAME = fynch;
			};
			name = Debug;
		};
		FB92CCAC2F86E1C700C50D78 /* Release */ = {
			isa = XCBuildConfiguration;
			buildSettings = {
				CODE_SIGN_STYLE = Automatic;
				CURRENT_PROJECT_VERSION = 1;
				DEVELOPMENT_TEAM = M2DRRF88BA;
				GENERATE_INFOPLIST_FILE = YES;
				MARKETING_VERSION = 1.0;
				PRODUCT_BUNDLE_IDENTIFIER = app.vercel.khandelwal.fynchUITests;
				PRODUCT_NAME = "$(TARGET_NAME)";
				SWIFT_EMIT_LOC_STRINGS = NO;
				SWIFT_VERSION = 5.0;
				TARGETED_DEVICE_FAMILY = "1,2";
				TEST_TARGET_NAME = fynch;
			};
			name = Release;
		};
/* End XCBuildConfiguration section */

/* Begin XCConfigurationList section */
		FB92CC7B2F86E1C500C50D78 /* Build configuration list for PBXProject "fynch" */ = {
			isa = XCConfigurationList;
			buildConfigurations = (
				FB92CCA22F86E1C700C50D78 /* Debug */,
				FB92CCA32F86E1C700C50D78 /* Release */,
			);
			defaultConfigurationIsVisible = 0;
			defaultConfigurationName = Release;
		};
		FB92CCA42F86E1C700C50D78 /* Build configuration list for PBXNativeTarget "fynch" */ = {
			isa = XCConfigurationList;
			buildConfigurations = (
				FB92CCA52F86E1C700C50D78 /* Debug */,
				FB92CCA62F86E1C700C50D78 /* Release */,
			);
			defaultConfigurationIsVisible = 0;
			defaultConfigurationName = Release;
		};
		FB92CCA72F86E1C700C50D78 /* Build configuration list for PBXNativeTarget "fynchTests" */ = {
			isa = XCConfigurationList;
			buildConfigurations = (
				FB92CCA82F86E1C700C50D78 /* Debug */,
				FB92CCA92F86E1C700C50D78 /* Release */,
			);
			defaultConfigurationIsVisible = 0;
			defaultConfigurationName = Release;
		};
		FB92CCAA2F86E1C700C50D78 /* Build configuration list for PBXNativeTarget "fynchUITests" */ = {
			isa = XCConfigurationList;
			buildConfigurations = (
				FB92CCAB2F86E1C700C50D78 /* Debug */,
				FB92CCAC2F86E1C700C50D78 /* Release */,
			);
			defaultConfigurationIsVisible = 0;
			defaultConfigurationName = Release;
		};
/* End XCConfigurationList section */
	};
	rootObject = FB92CC782F86E1C500C50D78 /* Project object */;
}
